// !$*UTF8*$!
{
	archiveVersion = 1;
	classes = {
	};
	objectVersion = 46;
	objects = {

/* Begin PBXBuildFile section */
		B51914C41F41B9250084F142 /* AppDelegate.swift in Sources */ = {isa = PBXBuildFile; fileRef = B51914C31F41B9250084F142 /* AppDelegate.swift */; };
		B51914C61F41B9250084F142 /* ViewController.swift in Sources */ = {isa = PBXBuildFile; fileRef = B51914C51F41B9250084F142 /* ViewController.swift */; };
		B51914C91F41B9250084F142 /* Main.storyboard in Resources */ = {isa = PBXBuildFile; fileRef = B51914C71F41B9250084F142 /* Main.storyboard */; };
		B51914CB1F41B9250084F142 /* Assets.xcassets in Resources */ = {isa = PBXBuildFile; fileRef = B51914CA1F41B9250084F142 /* Assets.xcassets */; };
		B51914CE1F41B9250084F142 /* LaunchScreen.storyboard in Resources */ = {isa = PBXBuildFile; fileRef = B51914CC1F41B9250084F142 /* LaunchScreen.storyboard */; };
/* End PBXBuildFile section */

/* Begin PBXFileReference section */
		B51914C01F41B9250084F142 /* Calculator 2.0.app */ = {isa = PBXFileReference; explicitFileType = wrapper.application; includeInIndex = 0; path = "Calculator 2.0.app"; sourceTree = BUILT_PRODUCTS_DIR; };
		B51914C31F41B9250084F142 /* AppDelegate.swift */ = {isa = PBXFileReference; lastKnownFileType = sourcecode.swift; path = AppDelegate.swift; sourceTree = "<group>"; };
		B51914C51F41B9250084F142 /* ViewController.swift */ = {isa = PBXFileReference; lastKnownFileType = sourcecode.swift; path = ViewController.swift; sourceTree = "<group>"; };
		B51914C81F41B9250084F142 /* Base */ = {isa = PBXFileReference; lastKnownFileType = file.storyboard; name = Base; path = Base.lproj/Main.storyboard; sourceTree = "<group>"; };
		B51914CA1F41B9250084F142 /* Assets.xcassets */ = {isa = PBXFileReference; lastKnownFileType = folder.assetcatalog; path = Assets.xcassets; sourceTree = "<group>"; };
		B51914CD1F41B9250084F142 /* Base */ = {isa = PBXFileReference; lastKnownFileType = file.storyboard; name = Base; path = Base.lproj/LaunchScreen.storyboard; sourceTree = "<group>"; };
		B51914CF1F41B9250084F142 /* Info.plist */ = {isa = PBXFileReference; lastKnownFileType = text.plist.xml; path = Info.plist; sourceTree = "<group>"; };
/* End PBXFileReference section */

/* Begin PBXFrameworksBuildPhase section */
		B51914BD1F41B9240084F142 /* Frameworks */ = {
			isa = PBXFrameworksBuildPhase;
			buildActionMask = 2147483647;
			files = (
			);
			runOnlyForDeploymentPostprocessing = 0;
		};
/* End PBXFrameworksBuildPhase section */

/* Begin PBXGroup section */
		B51914B71F41B9240084F142 = {
			isa = PBXGroup;
			children = (
				B51914C21F41B9250084F142 /* Calculator 2.0 */,
				B51914C11F41B9250084F142 /* Products */,
			);
			sourceTree = "<group>";
		};
		B51914C11F41B9250084F142 /* Products */ = {
			isa = PBXGroup;
			children = (
				B51914C01F41B9250084F142 /* Calculator 2.0.app */,
			);
			name = Products;
			sourceTree = "<group>";
		};
		B51914C21F41B9250084F142 /* Calculator 2.0 */ = {
			isa = PBXGroup;
			children = (
				B51914C31F41B9250084F142 /* AppDelegate.swift */,
				B51914C51F41B9250084F142 /* ViewController.swift */,
				B51914C71F41B9250084F142 /* Main.storyboard */,
				B51914CA1F41B9250084F142 /* Assets.xcassets */,
				B51914CC1F41B9250084F142 /* LaunchScreen.storyboard */,
				B51914CF1F41B9250084F142 /* Info.plist */,
			);
			path = "Calculator 2.0";
			sourceTree = "<group>";
		};
/* End PBXGroup section */

/* Begin PBXNativeTarget section */
		B51914BF1F41B9240084F142 /* Calculator 2.0 */ = {
			isa = PBXNativeTarget;
			buildConfigurationList = B51914D21F41B9250084F142 /* Build configuration list for PBXNativeTarget "Calculator 2.0" */;
			buildPhases = (
				B51914BC1F41B9240084F142 /* Sources */,
				B51914BD1F41B9240084F142 /* Frameworks */,
				B51914BE1F41B9240084F142 /* Resources */,
			);
			buildRules = (
			);
			dependencies = (
			);
			name = "Calculator 2.0";
			productName = "Calculator 2.0";
			productReference = B51914C01F41B9250084F142 /* Calculator 2.0.app */;
			productType = "com.apple.product-type.application";
		};
/* End PBXNativeTarget section */

/* Begin PBXProject section */
		B51914B81F41B9240084F142 /* Project object */ = {
			isa = PBXProject;
			attributes = {
				LastSwiftUpdateCheck = 0820;
				LastUpgradeCheck = 0820;
				ORGANIZATIONNAME = "Hamzah Mugharbil";
				TargetAttributes = {
					B51914BF1F41B9240084F142 = {
						CreatedOnToolsVersion = 8.2.1;
						DevelopmentTeam = Y42DA4P669;
						ProvisioningStyle = Automatic;
					};
				};
			};
			buildConfigurationList = B51914BB1F41B9240084F142 /* Build configuration list for PBXProject "Calculator 2.0" */;
			compatibilityVersion = "Xcode 3.2";
			developmentRegion = English;
			hasScannedForEncodings = 0;
			knownRegions = (
				en,
				Base,
			);
			mainGroup = B51914B71F41B9240084F142;
			productRefGroup = B51914C11F41B9250084F142 /* Products */;
			projectDirPath = "";
			projectRoot = "";
			targets = (
				B51914BF1F41B9240084F142 /* Calculator 2.0 */,
			);
		};
/* End PBXProject section */

/* Begin PBXResourcesBuildPhase section */
		B51914BE1F41B9240084F142 /* Resources */ = {
			isa = PBXResourcesBuildPhase;
			buildActionMask = 2147483647;
			files = (
				B51914CE1F41B9250084F142 /* LaunchScreen.storyboard in Resources */,
				B51914CB1F41B9250084F142 /* Assets.xcassets in Resources */,
				B51914C91F41B9250084F142 /* Main.storyboard in Resources */,
			);
			runOnlyForDeploymentPostprocessing = 0;
		};
/* End PBXResourcesBuildPhase section */

/* Begin PBXSourcesBuildPhase section */
		B51914BC1F41B9240084F142 /* Sources */ = {
			isa = PBXSourcesBuildPhase;
			buildActionMask = 2147483647;
			files = (
				B51914C61F41B9250084F142 /* ViewController.swift in Sources */,
				B51914C41F41B9250084F142 /* AppDelegate.swift in Sources */,
			);
			runOnlyForDeploymentPostprocessing = 0;
		};
/* End PBXSourcesBuildPhase section */

/* Begin PBXVariantGroup section */
		B51914C71F41B9250084F142 /* Main.storyboard */ = {
			isa = PBXVariantGroup;
			children = (
				B51914C81F41B9250084F142 /* Base */,
			);
			name = Main.storyboard;
			sourceTree = "<group>";
		};
		B51914CC1F41B9250084F142 /* LaunchScreen.storyboard */ = {
			isa = PBXVariantGroup;
			children = (
				B51914CD1F41B9250084F142 /* Base */,
			);
			name = LaunchScreen.storyboard;
			sourceTree = "<group>";
		};
/* End PBXVariantGroup section */

/* Begin XCBuildConfiguration section */
		B51914D01F41B9250084F142 /* Debug */ = {
			isa = XCBuildConfiguration;
			buildSettings = {
				ALWAYS_SEARCH_USER_PATHS = NO;
				CLANG_ANALYZER_NONNULL = YES;
				CLANG_CXX_LANGUAGE_STANDARD = "gnu++0x";
				CLANG_CXX_LIBRARY = "libc++";
				CLANG_ENABLE_MODULES = YES;
				CLANG_ENABLE_OBJC_ARC = YES;
				CLANG_WARN_BOOL_CONVERSION = YES;
				CLANG_WARN_CONSTANT_CONVERSION = YES;
				CLANG_WARN_DIRECT_OBJC_ISA_USAGE = YES_ERROR;
				CLANG_WARN_DOCUMENTATION_COMMENTS = YES;
				CLANG_WARN_EMPTY_BODY = YES;
				CLANG_WARN_ENUM_CONVERSION = YES;
				CLANG_WARN_INFINITE_RECURSION = YES;
				CLANG_WARN_INT_CONVERSION = YES;
				CLANG_WARN_OBJC_ROOT_CLASS = YES_ERROR;
				CLANG_WARN_SUSPICIOUS_MOVE = YES;
				CLANG_WARN_UNREACHABLE_CODE = YES;
				CLANG_WARN__DUPLICATE_METHOD_MATCH = YES;
				"CODE_SIGN_IDENTITY[sdk=iphoneos*]" = "iPhone Developer";
				COPY_PHASE_STRIP = NO;
				DEBUG_INFORMATION_FORMAT = dwarf;
				ENABLE_STRICT_OBJC_MSGSEND = YES;
				ENABLE_TESTABILITY = YES;
				GCC_C_LANGUAGE_STANDARD = gnu99;
				GCC_DYNAMIC_NO_PIC = NO;
				GCC_NO_COMMON_BLOCKS = YES;
				GCC_OPTIMIZATION_LEVEL = 0;
				GCC_PREPROCESSOR_DEFINITIONS = (
					"DEBUG=1",
					"$(inherited)",
				);
				GCC_WARN_64_TO_32_BIT_CONVERSION = YES;
				GCC_WARN_ABOUT_RETURN_TYPE = YES_ERROR;
				GCC_WARN_UNDECLARED_SELECTOR = YES;
				GCC_WARN_UNINITIALIZED_AUTOS = YES_AGGRESSIVE;
				GCC_WARN_UNUSED_FUNCTION = YES;
				GCC_WARN_UNUSED_VARIABLE = YES;
				IPHONEOS_DEPLOYMENT_TARGET = 10.2;
				MTL_ENABLE_DEBUG_INFO = YES;
				ONLY_ACTIVE_ARCH = YES;
				SDKROOT = iphoneos;
				SWIFT_ACTIVE_COMPILATION_CONDITIONS = DEBUG;
				SWIFT_OPTIMIZATION_LEVEL = "-Onone";
			};
			name = Debug;
		};
		B51914D11F41B9250084F142 /* Release */ = {
			isa = XCBuildConfiguration;
			buildSettings = {
				ALWAYS_SEARCH_USER_PATHS = NO;
				CLANG_ANALYZER_NONNULL = YES;
				CLANG_CXX_LANGUAGE_STANDARD = "gnu++0x";
				CLANG_CXX_LIBRARY = "libc++";
				CLANG_ENABLE_MODULES = YES;
				CLANG_ENABLE_OBJC_ARC = YES;
				CLANG_WARN_BOOL_CONVERSION = YES;
				CLANG_WARN_CONSTANT_CONVERSION = YES;
				CLANG_WARN_DIRECT_OBJC_ISA_USAGE = YES_ERROR;
				CLANG_WARN_DOCUMENTATION_COMMENTS = YES;
				CLANG_WARN_EMPTY_BODY = YES;
				CLANG_WARN_ENUM_CONVERSION = YES;
				CLANG_WARN_INFINITE_RECURSION = YES;
				CLANG_WARN_INT_CONVERSION = YES;
				CLANG_WARN_OBJC_ROOT_CLASS = YES_ERROR;
				CLANG_WARN_SUSPICIOUS_MOVE = YES;
				CLANG_WARN_UNREACHABLE_CODE = YES;
				CLANG_WARN__DUPLICATE_METHOD_MATCH = YES;
				"CODE_SIGN_IDENTITY[sdk=iphoneos*]" = "iPhone Developer";
				COPY_PHASE_STRIP = NO;
				DEBUG_INFORMATION_FORMAT = "dwarf-with-dsym";
				ENABLE_NS_ASSERTIONS = NO;
				ENABLE_STRICT_OBJC_MSGSEND = YES;
				GCC_C_LANGUAGE_STANDARD = gnu99;
				GCC_NO_COMMON_BLOCKS = YES;
				GCC_WARN_64_TO_32_BIT_CONVERSION = YES;
				GCC_WARN_ABOUT_RETURN_TYPE = YES_ERROR;
				GCC_WARN_UNDECLARED_SELECTOR = YES;
				GCC_WARN_UNINITIALIZED_AUTOS = YES_AGGRESSIVE;
				GCC_WARN_UNUSED_FUNCTION = YES;
				GCC_WARN_UNUSED_VARIABLE = YES;
				IPHONEOS_DEPLOYMENT_TARGET = 10.2;
				MTL_ENABLE_DEBUG_INFO = NO;
				SDKROOT = iphoneos;
				SWIFT_OPTIMIZATION_LEVEL = "-Owholemodule";
				VALIDATE_PRODUCT = YES;
			};
			name = Release;
		};
		B51914D31F41B9250084F142 /* Debug */ = {
			isa = XCBuildConfiguration;
			buildSettings = {
				ASSETCATALOG_COMPILER_APPICON_NAME = AppIcon;
				DEVELOPMENT_TEAM = Y42DA4P669;
				INFOPLIST_FILE = "Calculator 2.0/Info.plist";
				LD_RUNPATH_SEARCH_PATHS = "$(inherited) @executable_path/Frameworks";
				PRODUCT_BUNDLE_IDENTIFIER = "com.hamzahmugharbil.Calculator-2-0";
				PRODUCT_NAME = "$(TARGET_NAME)";
				SWIFT_VERSION = 3.0;
			};
			name = Debug;
		};
		B51914D41F41B9250084F142 /* Release */ = {
			isa = XCBuildConfiguration;
			buildSettings = {
				ASSETCATALOG_COMPILER_APPICON_NAME = AppIcon;
				DEVELOPMENT_TEAM = Y42DA4P669;
				INFOPLIST_FILE = "Calculator 2.0/Info.plist";
				LD_RUNPATH_SEARCH_PATHS = "$(inherited) @executable_path/Frameworks";
				PRODUCT_BUNDLE_IDENTIFIER = "com.hamzahmugharbil.Calculator-2-0";
				PRODUCT_NAME = "$(TARGET_NAME)";
				SWIFT_VERSION = 3.0;
			};
			name = Release;
		};
/* End XCBuildConfiguration section */

/* Begin XCConfigurationList section */
		B51914BB1F41B9240084F142 /* Build configuration list for PBXProject "Calculator 2.0" */ = {
			isa = XCConfigurationList;
			buildConfigurations = (
				B51914D01F41B9250084F142 /* Debug */,
				B51914D11F41B9250084F142 /* Release */,
			);
			defaultConfigurationIsVisible = 0;
			defaultConfigurationName = Release;
		};
		B51914D21F41B9250084F142 /* Build configuration list for PBXNativeTarget "Calculator 2.0" */ = {
			isa = XCConfigurationList;
			buildConfigurations = (
				B51914D31F41B9250084F142 /* Debug */,
				B51914D41F41B9250084F142 /* Release */,
			);
			defaultConfigurationIsVisible = 0;
		};
/* End XCConfigurationList section */
	};
	rootObject = B51914B81F41B9240084F142 /* Project object */;
}
